
Microsoft Visual Studio Solution File, Format Version 12.00
# Visual Studio Version 16
VisualStudioVersion = 16.0.29911.84
MinimumVisualStudioVersion = 10.0.40219.1
Project("{FAE04EC0-301F-11D3-BF4B-00C04F79EFBC}") = "Reader", "Reader\Reader.csproj", "{26B6AAEE-3512-42D9-835E-EA9B4A699CB4}"
EndProject
Project("{FAE04EC0-301F-11D3-BF4B-00C04F79EFBC}") = "RFIDTag", "RFIDTag\RFIDTag.csproj", "{35630319-EB4D-4D8A-A658-51F2E0B70FD5}"
	ProjectSection(ProjectDependencies) = postProject
		{9FE25130-4C87-4249-8326-410F93E7871A} = {9FE25130-4C87-4249-8326-410F93E7871A}
		{26B6AAEE-3512-42D9-835E-EA9B4A699CB4} = {26B6AAEE-3512-42D9-835E-EA9B4A699CB4}
	EndProjectSection
EndProject
Project("{8BC9CEB8-8B4A-11D0-8D11-00A0C91BC942}") = "BlowFishClassLibrary", "BlowFishClassLibrary\BlowFishClassLibrary.vcxproj", "{9FE25130-4C87-4249-8326-410F93E7871A}"
EndProject
Global
	GlobalSection(SolutionConfigurationPlatforms) = preSolution
		Debug|Any CPU = Debug|Any CPU
		Debug|x64 = Debug|x64
		Debug|x86 = Debug|x86
		Release|Any CPU = Release|Any CPU
		Release|x64 = Release|x64
		Release|x86 = Release|x86
	EndGlobalSection
	GlobalSection(ProjectConfigurationPlatforms) = postSolution
		{26B6AAEE-3512-42D9-835E-EA9B4A699CB4}.Debug|Any CPU.ActiveCfg = Debug|x86
		{26B6AAEE-3512-42D9-835E-EA9B4A699CB4}.Debug|Any CPU.Build.0 = Debug|x86
		{26B6AAEE-3512-42D9-835E-EA9B4A699CB4}.Debug|x64.ActiveCfg = Debug|x86
		{26B6AAEE-3512-42D9-835E-EA9B4A699CB4}.Debug|x64.Build.0 = Debug|x86
		{26B6AAEE-3512-42D9-835E-EA9B4A699CB4}.Debug|x86.ActiveCfg = Debug|x86
		{26B6AAEE-3512-42D9-835E-EA9B4A699CB4}.Debug|x86.Build.0 = Debug|x86
		{26B6AAEE-3512-42D9-835E-EA9B4A699CB4}.Release|Any CPU.ActiveCfg = Release|Any CPU
		{26B6AAEE-3512-42D9-835E-EA9B4A699CB4}.Release|Any CPU.Build.0 = Release|Any CPU
		{26B6AAEE-3512-42D9-835E-EA9B4A699CB4}.Release|x64.ActiveCfg = Release|Any CPU
		{26B6AAEE-3512-42D9-835E-EA9B4A699CB4}.Release|x64.Build.0 = Release|Any CPU
		{26B6AAEE-3512-42D9-835E-EA9B4A699CB4}.Release|x86.ActiveCfg = Release|x86
		{26B6AAEE-3512-42D9-835E-EA9B4A699CB4}.Release|x86.Build.0 = Release|x86
		{35630319-EB4D-4D8A-A658-51F2E0B70FD5}.Debug|Any CPU.ActiveCfg = Debug|Any CPU
		{35630319-EB4D-4D8A-A658-51F2E0B70FD5}.Debug|Any CPU.Build.0 = Debug|Any CPU
		{35630319-EB4D-4D8A-A658-51F2E0B70FD5}.Debug|x64.ActiveCfg = Debug|Any CPU
		{35630319-EB4D-4D8A-A658-51F2E0B70FD5}.Debug|x64.Build.0 = Debug|Any CPU
		{35630319-EB4D-4D8A-A658-51F2E0B70FD5}.Debug|x86.ActiveCfg = Debug|x86
		{35630319-EB4D-4D8A-A658-51F2E0B70FD5}.Debug|x86.Build.0 = Debug|x86
		{35630319-EB4D-4D8A-A658-51F2E0B70FD5}.Release|Any CPU.ActiveCfg = Release|Any CPU
		{35630319-EB4D-4D8A-A658-51F2E0B70FD5}.Release|Any CPU.Build.0 = Release|Any CPU
		{35630319-EB4D-4D8A-A658-51F2E0B70FD5}.Release|x64.ActiveCfg = Release|Any CPU
		{35630319-EB4D-4D8A-A658-51F2E0B70FD5}.Release|x64.Build.0 = Release|Any CPU
		{35630319-EB4D-4D8A-A658-51F2E0B70FD5}.Release|x86.ActiveCfg = Release|x86
		{35630319-EB4D-4D8A-A658-51F2E0B70FD5}.Release|x86.Build.0 = Release|x86
		{9FE25130-4C87-4249-8326-410F93E7871A}.Debug|Any CPU.ActiveCfg = Debug|Win32
		{9FE25130-4C87-4249-8326-410F93E7871A}.Debug|x64.ActiveCfg = Debug|x64
		{9FE25130-4C87-4249-8326-410F93E7871A}.Debug|x64.Build.0 = Debug|x64
		{9FE25130-4C87-4249-8326-410F93E7871A}.Debug|x86.ActiveCfg = Debug|Win32
		{9FE25130-4C87-4249-8326-410F93E7871A}.Debug|x86.Build.0 = Debug|Win32
		{9FE25130-4C87-4249-8326-410F93E7871A}.Release|Any CPU.ActiveCfg = Release|Win32
		{9FE25130-4C87-4249-8326-410F93E7871A}.Release|x64.ActiveCfg = Release|x64
		{9FE25130-4C87-4249-8326-410F93E7871A}.Release|x64.Build.0 = Release|x64
		{9FE25130-4C87-4249-8326-410F93E7871A}.Release|x86.ActiveCfg = Release|Win32
		{9FE25130-4C87-4249-8326-410F93E7871A}.Release|x86.Build.0 = Release|Win32
	EndGlobalSection
	GlobalSection(SolutionProperties) = preSolution
		HideSolutionNode = FALSE
	EndGlobalSection
	GlobalSection(ExtensibilityGlobals) = postSolution
		SolutionGuid = {F076F91B-83B7-44F1-A225-AA5E05614639}
	EndGlobalSection
EndGlobal
